
Microsoft Visual Studio Solution File, Format Version 12.00
# Visual Studio Version 17
VisualStudioVersion = 17.6.33723.286
MinimumVisualStudioVersion = 10.0.40219.1
Project("{FAE04EC0-301F-11D3-BF4B-00C04F79EFBC}") = "Dapper_application", "Dapper_application\Dapper_application.csproj", "{1EE19529-A2B3-4B7A-B10E-07C4C8DB5C23}"
EndProject
Global
	GlobalSection(SolutionConfigurationPlatforms) = preSolution
		Debug|Any CPU = Debug|Any CPU
		Release|Any CPU = Release|Any CPU
	EndGlobalSection
	GlobalSection(ProjectConfigurationPlatforms) = postSolution
		{1EE19529-A2B3-4B7A-B10E-07C4C8DB5C23}.Debug|Any CPU.ActiveCfg = Debug|Any CPU
		{1EE19529-A2B3-4B7A-B10E-07C4C8DB5C23}.Debug|Any CPU.Build.0 = Debug|Any CPU
		{1EE19529-A2B3-4B7A-B10E-07C4C8DB5C23}.Release|Any CPU.ActiveCfg = Release|Any CPU
		{1EE19529-A2B3-4B7A-B10E-07C4C8DB5C23}.Release|Any CPU.Build.0 = Release|Any CPU
	EndGlobalSection
	GlobalSection(SolutionProperties) = preSolution
		HideSolutionNode = FALSE
	EndGlobalSection
	GlobalSection(ExtensibilityGlobals) = postSolution
		SolutionGuid = {82A8CBE6-C996-4187-8C36-A5B3FECC85C6}
	EndGlobalSection
EndGlobal
